
Microsoft Visual Studio Solution File, Format Version 12.00
# Visual Studio 2013
VisualStudioVersion = 12.0.30110.0
MinimumVisualStudioVersion = 10.0.40219.1
Project("{2150E333-8FDC-42A3-9474-1A3956D46DE8}") = "Core Framework", "Core Framework", "{E5C51CD3-0669-42E8-9FED-17296B399CA1}"
	ProjectSection(SolutionItems) = preProject
		LICENSE.md = LICENSE.md
		README.md = README.md
		SxmlSchema.xsd = SxmlSchema.xsd
	EndProjectSection
EndProject
Project("{FAE04EC0-301F-11D3-BF4B-00C04F79EFBC}") = "Daramkun.Misty.Core", "Daramkun.Misty.Core\Daramkun.Misty.Core.csproj", "{43BE1669-E2AF-4C50-8209-C1F6298D12CA}"
EndProject
Project("{2150E333-8FDC-42A3-9474-1A3956D46DE8}") = "Platform Abstraction Framework", "Platform Abstraction Framework", "{97977EF7-4D97-47FA-AE5F-AF427DFC29E5}"
EndProject
Project("{FAE04EC0-301F-11D3-BF4B-00C04F79EFBC}") = "Daramkun.Misty.Platform.OpenTK", "Daramkun.Misty.Platform.OpenTK\Daramkun.Misty.Platform.OpenTK.csproj", "{B35D83A5-2E08-4FC8-8D7F-4D6264414E12}"
EndProject
Project("{FAE04EC0-301F-11D3-BF4B-00C04F79EFBC}") = "Daramkun.Misty.Platform.DirectX9", "Daramkun.Misty.Platform.DirectX9\Daramkun.Misty.Platform.DirectX9.csproj", "{ED437759-72E7-47D0-AE51-32EB7ACDDCD5}"
EndProject
Project("{FAE04EC0-301F-11D3-BF4B-00C04F79EFBC}") = "Daramkun.Misty.Platform.DirectX11", "Daramkun.Misty.Platform.DirectX11\Daramkun.Misty.Platform.DirectX11.csproj", "{26A28563-415B-4BE4-B494-696AA0487FE5}"
EndProject
Project("{2150E333-8FDC-42A3-9474-1A3956D46DE8}") = "Test", "Test", "{3C8A3FB6-AE4F-4C4D-9EBA-CEA12F00A64D}"
EndProject
Project("{2150E333-8FDC-42A3-9474-1A3956D46DE8}") = "CSharp", "CSharp", "{F6B9FD51-3F60-4F5F-ACFC-5B725CCD7090}"
EndProject
Project("{FAE04EC0-301F-11D3-BF4B-00C04F79EFBC}") = "Test.CSharp.Game", "Test.CSharp.Game\Test.CSharp.Game.csproj", "{B9BDA2EA-2804-4532-ABC5-B1011CC09A22}"
EndProject
Project("{FAE04EC0-301F-11D3-BF4B-00C04F79EFBC}") = "Test.CSharp.Desktop", "Test.CSharp.Desktop\Test.CSharp.Desktop.csproj", "{7E019A0D-2125-4491-B02A-4A7427C3647B}"
EndProject
Project("{2150E333-8FDC-42A3-9474-1A3956D46DE8}") = "VisualBasic", "VisualBasic", "{C00B8F0E-2120-451F-A587-A5C658C4F90B}"
EndProject
Project("{F184B08F-C81C-45F6-A57F-5ABD9991F28F}") = "Test.VB.Desktop", "Test.VB.Desktop\Test.VB.Desktop.vbproj", "{A1CD96DC-33CC-40B0-ADE5-0A2C21CADD8E}"
EndProject
Project("{F184B08F-C81C-45F6-A57F-5ABD9991F28F}") = "Test.VB.Game", "Test.VB.Game\Test.VB.Game.vbproj", "{6FED8530-845D-4AF9-81D0-9165D959F799}"
EndProject
Project("{2150E333-8FDC-42A3-9474-1A3956D46DE8}") = "Porting Framework", "Porting Framework", "{6AA5DE02-8282-4540-82C8-F1C87ABF4742}"
EndProject
Project("{FAE04EC0-301F-11D3-BF4B-00C04F79EFBC}") = "Daramkun.Misty.Physics.Farseer", "Daramkun.Misty.Physics.Farseer\Daramkun.Misty.Physics.Farseer.csproj", "{FB306D80-8054-4967-9158-FA5E7549CEE8}"
EndProject
Project("{2150E333-8FDC-42A3-9474-1A3956D46DE8}") = "Platform Additive Framework", "Platform Additive Framework", "{4E67BD49-1B1A-49D7-8AA1-299B2E58DE86}"
EndProject
Project("{FAE04EC0-301F-11D3-BF4B-00C04F79EFBC}") = "Daramkun.Misty.Platform.Desktop", "Daramkun.Misty.Platform.Desktop\Daramkun.Misty.Platform.Desktop.csproj", "{911DF746-075B-40A5-B8CA-F37FCE21C9BB}"
EndProject
Project("{FAE04EC0-301F-11D3-BF4B-00C04F79EFBC}") = "Daramkun.Misty.Platform.Windows.MediaFoundation", "Daramkun.Misty.Platform.Windows.MediaFoundation\Daramkun.Misty.Platform.Windows.MediaFoundation.csproj", "{9CADD42D-7E31-4A57-ACD4-B63853CA3C5B}"
EndProject
Project("{FAE04EC0-301F-11D3-BF4B-00C04F79EFBC}") = "Daramkun.Misty.Platform.Windows.XInput", "Daramkun.Misty.Platform.Windows.XInput\Daramkun.Misty.Platform.Windows.XInput.csproj", "{8510937A-7977-4AD6-9138-FB162BD3B5F0}"
EndProject
Project("{2150E333-8FDC-42A3-9474-1A3956D46DE8}") = "Utilities", "Utilities", "{6C3D11F6-8A66-41D5-959A-DD5B1FE0C1DB}"
EndProject
Project("{FAE04EC0-301F-11D3-BF4B-00C04F79EFBC}") = "Daramkun.Misty.Utils.StringTableEditor", "Daramkun.Misty.Utils.StringTableEditor\Daramkun.Misty.Utils.StringTableEditor.csproj", "{383B2099-6048-40FA-843A-AF3670225EF8}"
EndProject
Global
	GlobalSection(SolutionConfigurationPlatforms) = preSolution
		Debug|Any CPU = Debug|Any CPU
		Debug|ARM = Debug|ARM
		Debug|x86 = Debug|x86
		Release|Any CPU = Release|Any CPU
		Release|ARM = Release|ARM
		Release|x86 = Release|x86
	EndGlobalSection
	GlobalSection(ProjectConfigurationPlatforms) = postSolution
		{43BE1669-E2AF-4C50-8209-C1F6298D12CA}.Debug|Any CPU.ActiveCfg = Debug|Any CPU
		{43BE1669-E2AF-4C50-8209-C1F6298D12CA}.Debug|Any CPU.Build.0 = Debug|Any CPU
		{43BE1669-E2AF-4C50-8209-C1F6298D12CA}.Debug|ARM.ActiveCfg = Debug|Any CPU
		{43BE1669-E2AF-4C50-8209-C1F6298D12CA}.Debug|x86.ActiveCfg = Debug|Any CPU
		{43BE1669-E2AF-4C50-8209-C1F6298D12CA}.Release|Any CPU.ActiveCfg = Release|Any CPU
		{43BE1669-E2AF-4C50-8209-C1F6298D12CA}.Release|Any CPU.Build.0 = Release|Any CPU
		{43BE1669-E2AF-4C50-8209-C1F6298D12CA}.Release|ARM.ActiveCfg = Release|Any CPU
		{43BE1669-E2AF-4C50-8209-C1F6298D12CA}.Release|x86.ActiveCfg = Release|Any CPU
		{B35D83A5-2E08-4FC8-8D7F-4D6264414E12}.Debug|Any CPU.ActiveCfg = Debug|Any CPU
		{B35D83A5-2E08-4FC8-8D7F-4D6264414E12}.Debug|Any CPU.Build.0 = Debug|Any CPU
		{B35D83A5-2E08-4FC8-8D7F-4D6264414E12}.Debug|ARM.ActiveCfg = Debug|Any CPU
		{B35D83A5-2E08-4FC8-8D7F-4D6264414E12}.Debug|x86.ActiveCfg = Debug|Any CPU
		{B35D83A5-2E08-4FC8-8D7F-4D6264414E12}.Release|Any CPU.ActiveCfg = Release|Any CPU
		{B35D83A5-2E08-4FC8-8D7F-4D6264414E12}.Release|Any CPU.Build.0 = Release|Any CPU
		{B35D83A5-2E08-4FC8-8D7F-4D6264414E12}.Release|ARM.ActiveCfg = Release|Any CPU
		{B35D83A5-2E08-4FC8-8D7F-4D6264414E12}.Release|x86.ActiveCfg = Release|Any CPU
		{ED437759-72E7-47D0-AE51-32EB7ACDDCD5}.Debug|Any CPU.ActiveCfg = Debug|Any CPU
		{ED437759-72E7-47D0-AE51-32EB7ACDDCD5}.Debug|Any CPU.Build.0 = Debug|Any CPU
		{ED437759-72E7-47D0-AE51-32EB7ACDDCD5}.Debug|ARM.ActiveCfg = Debug|Any CPU
		{ED437759-72E7-47D0-AE51-32EB7ACDDCD5}.Debug|x86.ActiveCfg = Debug|Any CPU
		{ED437759-72E7-47D0-AE51-32EB7ACDDCD5}.Release|Any CPU.ActiveCfg = Release|Any CPU
		{ED437759-72E7-47D0-AE51-32EB7ACDDCD5}.Release|Any CPU.Build.0 = Release|Any CPU
		{ED437759-72E7-47D0-AE51-32EB7ACDDCD5}.Release|ARM.ActiveCfg = Release|Any CPU
		{ED437759-72E7-47D0-AE51-32EB7ACDDCD5}.Release|x86.ActiveCfg = Release|Any CPU
		{26A28563-415B-4BE4-B494-696AA0487FE5}.Debug|Any CPU.ActiveCfg = Debug|Any CPU
		{26A28563-415B-4BE4-B494-696AA0487FE5}.Debug|Any CPU.Build.0 = Debug|Any CPU
		{26A28563-415B-4BE4-B494-696AA0487FE5}.Debug|ARM.ActiveCfg = Debug|Any CPU
		{26A28563-415B-4BE4-B494-696AA0487FE5}.Debug|x86.ActiveCfg = Debug|Any CPU
		{26A28563-415B-4BE4-B494-696AA0487FE5}.Release|Any CPU.ActiveCfg = Release|Any CPU
		{26A28563-415B-4BE4-B494-696AA0487FE5}.Release|Any CPU.Build.0 = Release|Any CPU
		{26A28563-415B-4BE4-B494-696AA0487FE5}.Release|ARM.ActiveCfg = Release|Any CPU
		{26A28563-415B-4BE4-B494-696AA0487FE5}.Release|x86.ActiveCfg = Release|Any CPU
		{B9BDA2EA-2804-4532-ABC5-B1011CC09A22}.Debug|Any CPU.ActiveCfg = Debug|Any CPU
		{B9BDA2EA-2804-4532-ABC5-B1011CC09A22}.Debug|Any CPU.Build.0 = Debug|Any CPU
		{B9BDA2EA-2804-4532-ABC5-B1011CC09A22}.Debug|ARM.ActiveCfg = Debug|Any CPU
		{B9BDA2EA-2804-4532-ABC5-B1011CC09A22}.Debug|x86.ActiveCfg = Debug|Any CPU
		{B9BDA2EA-2804-4532-ABC5-B1011CC09A22}.Release|Any CPU.ActiveCfg = Release|Any CPU
		{B9BDA2EA-2804-4532-ABC5-B1011CC09A22}.Release|Any CPU.Build.0 = Release|Any CPU
		{B9BDA2EA-2804-4532-ABC5-B1011CC09A22}.Release|ARM.ActiveCfg = Release|Any CPU
		{B9BDA2EA-2804-4532-ABC5-B1011CC09A22}.Release|x86.ActiveCfg = Release|Any CPU
		{7E019A0D-2125-4491-B02A-4A7427C3647B}.Debug|Any CPU.ActiveCfg = Debug|Any CPU
		{7E019A0D-2125-4491-B02A-4A7427C3647B}.Debug|Any CPU.Build.0 = Debug|Any CPU
		{7E019A0D-2125-4491-B02A-4A7427C3647B}.Debug|ARM.ActiveCfg = Debug|Any CPU
		{7E019A0D-2125-4491-B02A-4A7427C3647B}.Debug|x86.ActiveCfg = Debug|Any CPU
		{7E019A0D-2125-4491-B02A-4A7427C3647B}.Release|Any CPU.ActiveCfg = Release|Any CPU
		{7E019A0D-2125-4491-B02A-4A7427C3647B}.Release|Any CPU.Build.0 = Release|Any CPU
		{7E019A0D-2125-4491-B02A-4A7427C3647B}.Release|ARM.ActiveCfg = Release|Any CPU
		{7E019A0D-2125-4491-B02A-4A7427C3647B}.Release|x86.ActiveCfg = Release|Any CPU
		{A1CD96DC-33CC-40B0-ADE5-0A2C21CADD8E}.Debug|Any CPU.ActiveCfg = Debug|Any CPU
		{A1CD96DC-33CC-40B0-ADE5-0A2C21CADD8E}.Debug|Any CPU.Build.0 = Debug|Any CPU
		{A1CD96DC-33CC-40B0-ADE5-0A2C21CADD8E}.Debug|ARM.ActiveCfg = Debug|Any CPU
		{A1CD96DC-33CC-40B0-ADE5-0A2C21CADD8E}.Debug|x86.ActiveCfg = Debug|Any CPU
		{A1CD96DC-33CC-40B0-ADE5-0A2C21CADD8E}.Release|Any CPU.ActiveCfg = Release|Any CPU
		{A1CD96DC-33CC-40B0-ADE5-0A2C21CADD8E}.Release|Any CPU.Build.0 = Release|Any CPU
		{A1CD96DC-33CC-40B0-ADE5-0A2C21CADD8E}.Release|ARM.ActiveCfg = Release|Any CPU
		{A1CD96DC-33CC-40B0-ADE5-0A2C21CADD8E}.Release|x86.ActiveCfg = Release|Any CPU
		{6FED8530-845D-4AF9-81D0-9165D959F799}.Debug|Any CPU.ActiveCfg = Debug|Any CPU
		{6FED8530-845D-4AF9-81D0-9165D959F799}.Debug|Any CPU.Build.0 = Debug|Any CPU
		{6FED8530-845D-4AF9-81D0-9165D959F799}.Debug|ARM.ActiveCfg = Debug|Any CPU
		{6FED8530-845D-4AF9-81D0-9165D959F799}.Debug|x86.ActiveCfg = Debug|Any CPU
		{6FED8530-845D-4AF9-81D0-9165D959F799}.Release|Any CPU.ActiveCfg = Release|Any CPU
		{6FED8530-845D-4AF9-81D0-9165D959F799}.Release|Any CPU.Build.0 = Release|Any CPU
		{6FED8530-845D-4AF9-81D0-9165D959F799}.Release|ARM.ActiveCfg = Release|Any CPU
		{6FED8530-845D-4AF9-81D0-9165D959F799}.Release|x86.ActiveCfg = Release|Any CPU
		{FB306D80-8054-4967-9158-FA5E7549CEE8}.Debug|Any CPU.ActiveCfg = Debug|Any CPU
		{FB306D80-8054-4967-9158-FA5E7549CEE8}.Debug|Any CPU.Build.0 = Debug|Any CPU
		{FB306D80-8054-4967-9158-FA5E7549CEE8}.Debug|ARM.ActiveCfg = Debug|Any CPU
		{FB306D80-8054-4967-9158-FA5E7549CEE8}.Debug|x86.ActiveCfg = Debug|Any CPU
		{FB306D80-8054-4967-9158-FA5E7549CEE8}.Release|Any CPU.ActiveCfg = Release|Any CPU
		{FB306D80-8054-4967-9158-FA5E7549CEE8}.Release|Any CPU.Build.0 = Release|Any CPU
		{FB306D80-8054-4967-9158-FA5E7549CEE8}.Release|ARM.ActiveCfg = Release|Any CPU
		{FB306D80-8054-4967-9158-FA5E7549CEE8}.Release|x86.ActiveCfg = Release|Any CPU
		{911DF746-075B-40A5-B8CA-F37FCE21C9BB}.Debug|Any CPU.ActiveCfg = Debug|Any CPU
		{911DF746-075B-40A5-B8CA-F37FCE21C9BB}.Debug|Any CPU.Build.0 = Debug|Any CPU
		{911DF746-075B-40A5-B8CA-F37FCE21C9BB}.Debug|ARM.ActiveCfg = Debug|Any CPU
		{911DF746-075B-40A5-B8CA-F37FCE21C9BB}.Debug|x86.ActiveCfg = Debug|Any CPU
		{911DF746-075B-40A5-B8CA-F37FCE21C9BB}.Release|Any CPU.ActiveCfg = Release|Any CPU
		{911DF746-075B-40A5-B8CA-F37FCE21C9BB}.Release|Any CPU.Build.0 = Release|Any CPU
		{911DF746-075B-40A5-B8CA-F37FCE21C9BB}.Release|ARM.ActiveCfg = Release|Any CPU
		{911DF746-075B-40A5-B8CA-F37FCE21C9BB}.Release|x86.ActiveCfg = Release|Any CPU
		{9CADD42D-7E31-4A57-ACD4-B63853CA3C5B}.Debug|Any CPU.ActiveCfg = Debug|Any CPU
		{9CADD42D-7E31-4A57-ACD4-B63853CA3C5B}.Debug|Any CPU.Build.0 = Debug|Any CPU
		{9CADD42D-7E31-4A57-ACD4-B63853CA3C5B}.Debug|ARM.ActiveCfg = Debug|Any CPU
		{9CADD42D-7E31-4A57-ACD4-B63853CA3C5B}.Debug|x86.ActiveCfg = Debug|Any CPU
		{9CADD42D-7E31-4A57-ACD4-B63853CA3C5B}.Release|Any CPU.ActiveCfg = Release|Any CPU
		{9CADD42D-7E31-4A57-ACD4-B63853CA3C5B}.Release|Any CPU.Build.0 = Release|Any CPU
		{9CADD42D-7E31-4A57-ACD4-B63853CA3C5B}.Release|ARM.ActiveCfg = Release|Any CPU
		{9CADD42D-7E31-4A57-ACD4-B63853CA3C5B}.Release|x86.ActiveCfg = Release|Any CPU
		{8510937A-7977-4AD6-9138-FB162BD3B5F0}.Debug|Any CPU.ActiveCfg = Debug|Any CPU
		{8510937A-7977-4AD6-9138-FB162BD3B5F0}.Debug|Any CPU.Build.0 = Debug|Any CPU
		{8510937A-7977-4AD6-9138-FB162BD3B5F0}.Debug|ARM.ActiveCfg = Debug|Any CPU
		{8510937A-7977-4AD6-9138-FB162BD3B5F0}.Debug|x86.ActiveCfg = Debug|Any CPU
		{8510937A-7977-4AD6-9138-FB162BD3B5F0}.Release|Any CPU.ActiveCfg = Release|Any CPU
		{8510937A-7977-4AD6-9138-FB162BD3B5F0}.Release|Any CPU.Build.0 = Release|Any CPU
		{8510937A-7977-4AD6-9138-FB162BD3B5F0}.Release|ARM.ActiveCfg = Release|Any CPU
		{8510937A-7977-4AD6-9138-FB162BD3B5F0}.Release|x86.ActiveCfg = Release|Any CPU
		{383B2099-6048-40FA-843A-AF3670225EF8}.Debug|Any CPU.ActiveCfg = Debug|Any CPU
		{383B2099-6048-40FA-843A-AF3670225EF8}.Debug|Any CPU.Build.0 = Debug|Any CPU
		{383B2099-6048-40FA-843A-AF3670225EF8}.Debug|ARM.ActiveCfg = Debug|Any CPU
		{383B2099-6048-40FA-843A-AF3670225EF8}.Debug|x86.ActiveCfg = Debug|Any CPU
		{383B2099-6048-40FA-843A-AF3670225EF8}.Release|Any CPU.ActiveCfg = Release|Any CPU
		{383B2099-6048-40FA-843A-AF3670225EF8}.Release|Any CPU.Build.0 = Release|Any CPU
		{383B2099-6048-40FA-843A-AF3670225EF8}.Release|ARM.ActiveCfg = Release|Any CPU
		{383B2099-6048-40FA-843A-AF3670225EF8}.Release|x86.ActiveCfg = Release|Any CPU
	EndGlobalSection
	GlobalSection(SolutionProperties) = preSolution
		HideSolutionNode = FALSE
	EndGlobalSection
	GlobalSection(NestedProjects) = preSolution
		{43BE1669-E2AF-4C50-8209-C1F6298D12CA} = {E5C51CD3-0669-42E8-9FED-17296B399CA1}
		{B35D83A5-2E08-4FC8-8D7F-4D6264414E12} = {97977EF7-4D97-47FA-AE5F-AF427DFC29E5}
		{ED437759-72E7-47D0-AE51-32EB7ACDDCD5} = {97977EF7-4D97-47FA-AE5F-AF427DFC29E5}
		{26A28563-415B-4BE4-B494-696AA0487FE5} = {97977EF7-4D97-47FA-AE5F-AF427DFC29E5}
		{F6B9FD51-3F60-4F5F-ACFC-5B725CCD7090} = {3C8A3FB6-AE4F-4C4D-9EBA-CEA12F00A64D}
		{C00B8F0E-2120-451F-A587-A5C658C4F90B} = {3C8A3FB6-AE4F-4C4D-9EBA-CEA12F00A64D}
		{B9BDA2EA-2804-4532-ABC5-B1011CC09A22} = {F6B9FD51-3F60-4F5F-ACFC-5B725CCD7090}
		{7E019A0D-2125-4491-B02A-4A7427C3647B} = {F6B9FD51-3F60-4F5F-ACFC-5B725CCD7090}
		{A1CD96DC-33CC-40B0-ADE5-0A2C21CADD8E} = {C00B8F0E-2120-451F-A587-A5C658C4F90B}
		{6FED8530-845D-4AF9-81D0-9165D959F799} = {C00B8F0E-2120-451F-A587-A5C658C4F90B}
		{FB306D80-8054-4967-9158-FA5E7549CEE8} = {6AA5DE02-8282-4540-82C8-F1C87ABF4742}
		{911DF746-075B-40A5-B8CA-F37FCE21C9BB} = {4E67BD49-1B1A-49D7-8AA1-299B2E58DE86}
		{9CADD42D-7E31-4A57-ACD4-B63853CA3C5B} = {4E67BD49-1B1A-49D7-8AA1-299B2E58DE86}
		{8510937A-7977-4AD6-9138-FB162BD3B5F0} = {4E67BD49-1B1A-49D7-8AA1-299B2E58DE86}
		{383B2099-6048-40FA-843A-AF3670225EF8} = {6C3D11F6-8A66-41D5-959A-DD5B1FE0C1DB}
	EndGlobalSection
	GlobalSection(MonoDevelopProperties) = preSolution
		StartupItem = Daramkun.Misty.Utils.StringTableEditor\Daramkun.Misty.Utils.StringTableEditor.csproj
	EndGlobalSection
EndGlobal
