
Microsoft Visual Studio Solution File, Format Version 12.00
# Visual Studio 2013
VisualStudioVersion = 12.0.21005.1
MinimumVisualStudioVersion = 10.0.40219.1
Project("{2150E333-8FDC-42A3-9474-1A3956D46DE8}") = "Core Framework", "Core Framework", "{E5C51CD3-0669-42E8-9FED-17296B399CA1}"
	ProjectSection(SolutionItems) = preProject
		LICENSE.md = LICENSE.md
		README.md = README.md
		SxmlSchema.xsd = SxmlSchema.xsd
	EndProjectSection
EndProject
Project("{FAE04EC0-301F-11D3-BF4B-00C04F79EFBC}") = "Daramkun.Misty.Core", "Daramkun.Misty.Core\Daramkun.Misty.Core.csproj", "{43BE1669-E2AF-4C50-8209-C1F6298D12CA}"
EndProject
Project("{2150E333-8FDC-42A3-9474-1A3956D46DE8}") = "Platform Abstraction Framework", "Platform Abstraction Framework", "{97977EF7-4D97-47FA-AE5F-AF427DFC29E5}"
EndProject
Project("{FAE04EC0-301F-11D3-BF4B-00C04F79EFBC}") = "Daramkun.Misty.Platform.OpenTK", "Daramkun.Misty.Platform.OpenTK\Daramkun.Misty.Platform.OpenTK.csproj", "{B35D83A5-2E08-4FC8-8D7F-4D6264414E12}"
EndProject
Project("{FAE04EC0-301F-11D3-BF4B-00C04F79EFBC}") = "Daramkun.Misty.Platform.Desktop", "Daramkun.Misty.Platform.Desktop\Daramkun.Misty.Platform.Desktop.csproj", "{911DF746-075B-40A5-B8CA-F37FCE21C9BB}"
EndProject
Project("{FAE04EC0-301F-11D3-BF4B-00C04F79EFBC}") = "Daramkun.Misty.Platform.DirectX9", "Daramkun.Misty.Platform.DirectX9\Daramkun.Misty.Platform.DirectX9.csproj", "{ED437759-72E7-47D0-AE51-32EB7ACDDCD5}"
EndProject
Project("{FAE04EC0-301F-11D3-BF4B-00C04F79EFBC}") = "Daramkun.Misty.Platform.DirectX11", "Daramkun.Misty.Platform.DirectX11\Daramkun.Misty.Platform.DirectX11.csproj", "{26A28563-415B-4BE4-B494-696AA0487FE5}"
EndProject
Project("{2150E333-8FDC-42A3-9474-1A3956D46DE8}") = "Test", "Test", "{3C8A3FB6-AE4F-4C4D-9EBA-CEA12F00A64D}"
EndProject
Project("{FAE04EC0-301F-11D3-BF4B-00C04F79EFBC}") = "Test.Desktop", "Test.Desktop\Test.Desktop.csproj", "{7E019A0D-2125-4491-B02A-4A7427C3647B}"
EndProject
Project("{2150E333-8FDC-42A3-9474-1A3956D46DE8}") = "Porting Framework", "Porting Framework", "{6AA5DE02-8282-4540-82C8-F1C87ABF4742}"
EndProject
Project("{FAE04EC0-301F-11D3-BF4B-00C04F79EFBC}") = "Daramkun.Misty.Physics.Farseer", "Daramkun.Misty.Physics.Farseer\Daramkun.Misty.Physics.Farseer.csproj", "{FB306D80-8054-4967-9158-FA5E7549CEE8}"
EndProject
Project("{2150E333-8FDC-42A3-9474-1A3956D46DE8}") = "Game Engine", "Game Engine", "{E982808B-A974-4C90-944D-A8CE0B508F97}"
EndProject
Project("{FAE04EC0-301F-11D3-BF4B-00C04F79EFBC}") = "Daramkun.Misty.Engine.Walnut", "Daramkun.Misty.Engine.Walnut\Daramkun.Misty.Engine.Walnut.csproj", "{6185E313-97B8-491E-AE1C-3CCC4ED4362D}"
EndProject
Project("{FAE04EC0-301F-11D3-BF4B-00C04F79EFBC}") = "Daramkun.Misty.Engine.Souly", "Daramkun.Misty.Engine.Souly\Daramkun.Misty.Engine.Souly.csproj", "{B9FA591A-577A-4253-898F-2A058227BE7F}"
EndProject
Project("{FAE04EC0-301F-11D3-BF4B-00C04F79EFBC}") = "Test.Game.PerformanceTester", "Test.Game.PerformanceTester\Test.Game.PerformanceTester.csproj", "{8AC05A7A-71F1-4618-944B-107338839231}"
EndProject
Project("{FAE04EC0-301F-11D3-BF4B-00C04F79EFBC}") = "Test.Game.Dodge", "Test.Game.Dodge\Test.Game.Dodge.csproj", "{E7BABF39-1557-4997-8BC1-832F954F7E01}"
EndProject
Project("{FAE04EC0-301F-11D3-BF4B-00C04F79EFBC}") = "Test.Game.InfoViewer", "Test.Game.InfoViewer\Test.Game.InfoViewer.csproj", "{7A894A23-37D5-4688-97E0-D7EBE096819C}"
EndProject
Project("{FAE04EC0-301F-11D3-BF4B-00C04F79EFBC}") = "Test.Game.PlayAudios", "Test.Game.PlayAudios\Test.Game.PlayAudios.csproj", "{B36566F6-9181-4031-87C6-737EE2D68BD1}"
EndProject
Project("{FAE04EC0-301F-11D3-BF4B-00C04F79EFBC}") = "Test.Game.Cube", "Test.Game.Cube\Test.Game.Cube.csproj", "{01B4BC01-7DA6-442C-988E-135F5D366CFB}"
EndProject
Project("{2150E333-8FDC-42A3-9474-1A3956D46DE8}") = "Platform Additive Framework", "Platform Additive Framework", "{4E67BD49-1B1A-49D7-8AA1-299B2E58DE86}"
EndProject
Project("{FAE04EC0-301F-11D3-BF4B-00C04F79EFBC}") = "Daramkun.Misty.Platform.Windows.MediaFoundation", "Daramkun.Misty.Platform.Windows.MediaFoundation\Daramkun.Misty.Platform.Windows.MediaFoundation.csproj", "{9CADD42D-7E31-4A57-ACD4-B63853CA3C5B}"
EndProject
Project("{FAE04EC0-301F-11D3-BF4B-00C04F79EFBC}") = "Daramkun.Misty.Platform.Windows.XInput", "Daramkun.Misty.Platform.Windows.XInput\Daramkun.Misty.Platform.Windows.XInput.csproj", "{8510937A-7977-4AD6-9138-FB162BD3B5F0}"
EndProject
Global
	GlobalSection(SolutionConfigurationPlatforms) = preSolution
		Debug|Any CPU = Debug|Any CPU
		Debug|ARM = Debug|ARM
		Debug|x86 = Debug|x86
		Release|Any CPU = Release|Any CPU
		Release|ARM = Release|ARM
		Release|x86 = Release|x86
	EndGlobalSection
	GlobalSection(ProjectConfigurationPlatforms) = postSolution
		{43BE1669-E2AF-4C50-8209-C1F6298D12CA}.Debug|Any CPU.ActiveCfg = Debug|Any CPU
		{43BE1669-E2AF-4C50-8209-C1F6298D12CA}.Debug|Any CPU.Build.0 = Debug|Any CPU
		{43BE1669-E2AF-4C50-8209-C1F6298D12CA}.Debug|ARM.ActiveCfg = Debug|Any CPU
		{43BE1669-E2AF-4C50-8209-C1F6298D12CA}.Debug|x86.ActiveCfg = Debug|Any CPU
		{43BE1669-E2AF-4C50-8209-C1F6298D12CA}.Release|Any CPU.ActiveCfg = Release|Any CPU
		{43BE1669-E2AF-4C50-8209-C1F6298D12CA}.Release|Any CPU.Build.0 = Release|Any CPU
		{43BE1669-E2AF-4C50-8209-C1F6298D12CA}.Release|ARM.ActiveCfg = Release|Any CPU
		{43BE1669-E2AF-4C50-8209-C1F6298D12CA}.Release|x86.ActiveCfg = Release|Any CPU
		{B35D83A5-2E08-4FC8-8D7F-4D6264414E12}.Debug|Any CPU.ActiveCfg = Debug|Any CPU
		{B35D83A5-2E08-4FC8-8D7F-4D6264414E12}.Debug|Any CPU.Build.0 = Debug|Any CPU
		{B35D83A5-2E08-4FC8-8D7F-4D6264414E12}.Debug|ARM.ActiveCfg = Debug|Any CPU
		{B35D83A5-2E08-4FC8-8D7F-4D6264414E12}.Debug|x86.ActiveCfg = Debug|Any CPU
		{B35D83A5-2E08-4FC8-8D7F-4D6264414E12}.Release|Any CPU.ActiveCfg = Release|Any CPU
		{B35D83A5-2E08-4FC8-8D7F-4D6264414E12}.Release|Any CPU.Build.0 = Release|Any CPU
		{B35D83A5-2E08-4FC8-8D7F-4D6264414E12}.Release|ARM.ActiveCfg = Release|Any CPU
		{B35D83A5-2E08-4FC8-8D7F-4D6264414E12}.Release|x86.ActiveCfg = Release|Any CPU
		{911DF746-075B-40A5-B8CA-F37FCE21C9BB}.Debug|Any CPU.ActiveCfg = Debug|Any CPU
		{911DF746-075B-40A5-B8CA-F37FCE21C9BB}.Debug|Any CPU.Build.0 = Debug|Any CPU
		{911DF746-075B-40A5-B8CA-F37FCE21C9BB}.Debug|ARM.ActiveCfg = Debug|Any CPU
		{911DF746-075B-40A5-B8CA-F37FCE21C9BB}.Debug|x86.ActiveCfg = Debug|Any CPU
		{911DF746-075B-40A5-B8CA-F37FCE21C9BB}.Release|Any CPU.ActiveCfg = Release|Any CPU
		{911DF746-075B-40A5-B8CA-F37FCE21C9BB}.Release|Any CPU.Build.0 = Release|Any CPU
		{911DF746-075B-40A5-B8CA-F37FCE21C9BB}.Release|ARM.ActiveCfg = Release|Any CPU
		{911DF746-075B-40A5-B8CA-F37FCE21C9BB}.Release|x86.ActiveCfg = Release|Any CPU
		{ED437759-72E7-47D0-AE51-32EB7ACDDCD5}.Debug|Any CPU.ActiveCfg = Debug|Any CPU
		{ED437759-72E7-47D0-AE51-32EB7ACDDCD5}.Debug|Any CPU.Build.0 = Debug|Any CPU
		{ED437759-72E7-47D0-AE51-32EB7ACDDCD5}.Debug|ARM.ActiveCfg = Debug|Any CPU
		{ED437759-72E7-47D0-AE51-32EB7ACDDCD5}.Debug|x86.ActiveCfg = Debug|Any CPU
		{ED437759-72E7-47D0-AE51-32EB7ACDDCD5}.Release|Any CPU.ActiveCfg = Release|Any CPU
		{ED437759-72E7-47D0-AE51-32EB7ACDDCD5}.Release|Any CPU.Build.0 = Release|Any CPU
		{ED437759-72E7-47D0-AE51-32EB7ACDDCD5}.Release|ARM.ActiveCfg = Release|Any CPU
		{ED437759-72E7-47D0-AE51-32EB7ACDDCD5}.Release|x86.ActiveCfg = Release|Any CPU
		{26A28563-415B-4BE4-B494-696AA0487FE5}.Debug|Any CPU.ActiveCfg = Debug|Any CPU
		{26A28563-415B-4BE4-B494-696AA0487FE5}.Debug|Any CPU.Build.0 = Debug|Any CPU
		{26A28563-415B-4BE4-B494-696AA0487FE5}.Debug|ARM.ActiveCfg = Debug|Any CPU
		{26A28563-415B-4BE4-B494-696AA0487FE5}.Debug|x86.ActiveCfg = Debug|Any CPU
		{26A28563-415B-4BE4-B494-696AA0487FE5}.Release|Any CPU.ActiveCfg = Release|Any CPU
		{26A28563-415B-4BE4-B494-696AA0487FE5}.Release|Any CPU.Build.0 = Release|Any CPU
		{26A28563-415B-4BE4-B494-696AA0487FE5}.Release|ARM.ActiveCfg = Release|Any CPU
		{26A28563-415B-4BE4-B494-696AA0487FE5}.Release|x86.ActiveCfg = Release|Any CPU
		{7E019A0D-2125-4491-B02A-4A7427C3647B}.Debug|Any CPU.ActiveCfg = Debug|Any CPU
		{7E019A0D-2125-4491-B02A-4A7427C3647B}.Debug|Any CPU.Build.0 = Debug|Any CPU
		{7E019A0D-2125-4491-B02A-4A7427C3647B}.Debug|ARM.ActiveCfg = Debug|Any CPU
		{7E019A0D-2125-4491-B02A-4A7427C3647B}.Debug|x86.ActiveCfg = Debug|Any CPU
		{7E019A0D-2125-4491-B02A-4A7427C3647B}.Release|Any CPU.ActiveCfg = Release|Any CPU
		{7E019A0D-2125-4491-B02A-4A7427C3647B}.Release|Any CPU.Build.0 = Release|Any CPU
		{7E019A0D-2125-4491-B02A-4A7427C3647B}.Release|ARM.ActiveCfg = Release|Any CPU
		{7E019A0D-2125-4491-B02A-4A7427C3647B}.Release|x86.ActiveCfg = Release|Any CPU
		{FB306D80-8054-4967-9158-FA5E7549CEE8}.Debug|Any CPU.ActiveCfg = Debug|Any CPU
		{FB306D80-8054-4967-9158-FA5E7549CEE8}.Debug|Any CPU.Build.0 = Debug|Any CPU
		{FB306D80-8054-4967-9158-FA5E7549CEE8}.Debug|ARM.ActiveCfg = Debug|Any CPU
		{FB306D80-8054-4967-9158-FA5E7549CEE8}.Debug|x86.ActiveCfg = Debug|Any CPU
		{FB306D80-8054-4967-9158-FA5E7549CEE8}.Release|Any CPU.ActiveCfg = Release|Any CPU
		{FB306D80-8054-4967-9158-FA5E7549CEE8}.Release|Any CPU.Build.0 = Release|Any CPU
		{FB306D80-8054-4967-9158-FA5E7549CEE8}.Release|ARM.ActiveCfg = Release|Any CPU
		{FB306D80-8054-4967-9158-FA5E7549CEE8}.Release|x86.ActiveCfg = Release|Any CPU
		{6185E313-97B8-491E-AE1C-3CCC4ED4362D}.Debug|Any CPU.ActiveCfg = Debug|Any CPU
		{6185E313-97B8-491E-AE1C-3CCC4ED4362D}.Debug|Any CPU.Build.0 = Debug|Any CPU
		{6185E313-97B8-491E-AE1C-3CCC4ED4362D}.Debug|ARM.ActiveCfg = Debug|Any CPU
		{6185E313-97B8-491E-AE1C-3CCC4ED4362D}.Debug|x86.ActiveCfg = Debug|Any CPU
		{6185E313-97B8-491E-AE1C-3CCC4ED4362D}.Release|Any CPU.ActiveCfg = Release|Any CPU
		{6185E313-97B8-491E-AE1C-3CCC4ED4362D}.Release|Any CPU.Build.0 = Release|Any CPU
		{6185E313-97B8-491E-AE1C-3CCC4ED4362D}.Release|ARM.ActiveCfg = Release|Any CPU
		{6185E313-97B8-491E-AE1C-3CCC4ED4362D}.Release|x86.ActiveCfg = Release|Any CPU
		{B9FA591A-577A-4253-898F-2A058227BE7F}.Debug|Any CPU.ActiveCfg = Debug|Any CPU
		{B9FA591A-577A-4253-898F-2A058227BE7F}.Debug|Any CPU.Build.0 = Debug|Any CPU
		{B9FA591A-577A-4253-898F-2A058227BE7F}.Debug|ARM.ActiveCfg = Debug|Any CPU
		{B9FA591A-577A-4253-898F-2A058227BE7F}.Debug|x86.ActiveCfg = Debug|Any CPU
		{B9FA591A-577A-4253-898F-2A058227BE7F}.Release|Any CPU.ActiveCfg = Release|Any CPU
		{B9FA591A-577A-4253-898F-2A058227BE7F}.Release|Any CPU.Build.0 = Release|Any CPU
		{B9FA591A-577A-4253-898F-2A058227BE7F}.Release|ARM.ActiveCfg = Release|Any CPU
		{B9FA591A-577A-4253-898F-2A058227BE7F}.Release|x86.ActiveCfg = Release|Any CPU
		{8AC05A7A-71F1-4618-944B-107338839231}.Debug|Any CPU.ActiveCfg = Debug|Any CPU
		{8AC05A7A-71F1-4618-944B-107338839231}.Debug|Any CPU.Build.0 = Debug|Any CPU
		{8AC05A7A-71F1-4618-944B-107338839231}.Debug|ARM.ActiveCfg = Debug|Any CPU
		{8AC05A7A-71F1-4618-944B-107338839231}.Debug|x86.ActiveCfg = Debug|Any CPU
		{8AC05A7A-71F1-4618-944B-107338839231}.Release|Any CPU.ActiveCfg = Release|Any CPU
		{8AC05A7A-71F1-4618-944B-107338839231}.Release|Any CPU.Build.0 = Release|Any CPU
		{8AC05A7A-71F1-4618-944B-107338839231}.Release|ARM.ActiveCfg = Release|Any CPU
		{8AC05A7A-71F1-4618-944B-107338839231}.Release|x86.ActiveCfg = Release|Any CPU
		{E7BABF39-1557-4997-8BC1-832F954F7E01}.Debug|Any CPU.ActiveCfg = Debug|Any CPU
		{E7BABF39-1557-4997-8BC1-832F954F7E01}.Debug|Any CPU.Build.0 = Debug|Any CPU
		{E7BABF39-1557-4997-8BC1-832F954F7E01}.Debug|ARM.ActiveCfg = Debug|Any CPU
		{E7BABF39-1557-4997-8BC1-832F954F7E01}.Debug|x86.ActiveCfg = Debug|Any CPU
		{E7BABF39-1557-4997-8BC1-832F954F7E01}.Release|Any CPU.ActiveCfg = Release|Any CPU
		{E7BABF39-1557-4997-8BC1-832F954F7E01}.Release|Any CPU.Build.0 = Release|Any CPU
		{E7BABF39-1557-4997-8BC1-832F954F7E01}.Release|ARM.ActiveCfg = Release|Any CPU
		{E7BABF39-1557-4997-8BC1-832F954F7E01}.Release|x86.ActiveCfg = Release|Any CPU
		{7A894A23-37D5-4688-97E0-D7EBE096819C}.Debug|Any CPU.ActiveCfg = Debug|Any CPU
		{7A894A23-37D5-4688-97E0-D7EBE096819C}.Debug|Any CPU.Build.0 = Debug|Any CPU
		{7A894A23-37D5-4688-97E0-D7EBE096819C}.Debug|ARM.ActiveCfg = Debug|Any CPU
		{7A894A23-37D5-4688-97E0-D7EBE096819C}.Debug|x86.ActiveCfg = Debug|Any CPU
		{7A894A23-37D5-4688-97E0-D7EBE096819C}.Release|Any CPU.ActiveCfg = Release|Any CPU
		{7A894A23-37D5-4688-97E0-D7EBE096819C}.Release|Any CPU.Build.0 = Release|Any CPU
		{7A894A23-37D5-4688-97E0-D7EBE096819C}.Release|ARM.ActiveCfg = Release|Any CPU
		{7A894A23-37D5-4688-97E0-D7EBE096819C}.Release|x86.ActiveCfg = Release|Any CPU
		{B36566F6-9181-4031-87C6-737EE2D68BD1}.Debug|Any CPU.ActiveCfg = Debug|Any CPU
		{B36566F6-9181-4031-87C6-737EE2D68BD1}.Debug|Any CPU.Build.0 = Debug|Any CPU
		{B36566F6-9181-4031-87C6-737EE2D68BD1}.Debug|ARM.ActiveCfg = Debug|Any CPU
		{B36566F6-9181-4031-87C6-737EE2D68BD1}.Debug|x86.ActiveCfg = Debug|Any CPU
		{B36566F6-9181-4031-87C6-737EE2D68BD1}.Release|Any CPU.ActiveCfg = Release|Any CPU
		{B36566F6-9181-4031-87C6-737EE2D68BD1}.Release|Any CPU.Build.0 = Release|Any CPU
		{B36566F6-9181-4031-87C6-737EE2D68BD1}.Release|ARM.ActiveCfg = Release|Any CPU
		{B36566F6-9181-4031-87C6-737EE2D68BD1}.Release|x86.ActiveCfg = Release|Any CPU
		{01B4BC01-7DA6-442C-988E-135F5D366CFB}.Debug|Any CPU.ActiveCfg = Debug|Any CPU
		{01B4BC01-7DA6-442C-988E-135F5D366CFB}.Debug|Any CPU.Build.0 = Debug|Any CPU
		{01B4BC01-7DA6-442C-988E-135F5D366CFB}.Debug|ARM.ActiveCfg = Debug|Any CPU
		{01B4BC01-7DA6-442C-988E-135F5D366CFB}.Debug|x86.ActiveCfg = Debug|Any CPU
		{01B4BC01-7DA6-442C-988E-135F5D366CFB}.Release|Any CPU.ActiveCfg = Release|Any CPU
		{01B4BC01-7DA6-442C-988E-135F5D366CFB}.Release|Any CPU.Build.0 = Release|Any CPU
		{01B4BC01-7DA6-442C-988E-135F5D366CFB}.Release|ARM.ActiveCfg = Release|Any CPU
		{01B4BC01-7DA6-442C-988E-135F5D366CFB}.Release|x86.ActiveCfg = Release|Any CPU
		{9CADD42D-7E31-4A57-ACD4-B63853CA3C5B}.Debug|Any CPU.ActiveCfg = Debug|Any CPU
		{9CADD42D-7E31-4A57-ACD4-B63853CA3C5B}.Debug|Any CPU.Build.0 = Debug|Any CPU
		{9CADD42D-7E31-4A57-ACD4-B63853CA3C5B}.Debug|ARM.ActiveCfg = Debug|Any CPU
		{9CADD42D-7E31-4A57-ACD4-B63853CA3C5B}.Debug|x86.ActiveCfg = Debug|Any CPU
		{9CADD42D-7E31-4A57-ACD4-B63853CA3C5B}.Release|Any CPU.ActiveCfg = Release|Any CPU
		{9CADD42D-7E31-4A57-ACD4-B63853CA3C5B}.Release|Any CPU.Build.0 = Release|Any CPU
		{9CADD42D-7E31-4A57-ACD4-B63853CA3C5B}.Release|ARM.ActiveCfg = Release|Any CPU
		{9CADD42D-7E31-4A57-ACD4-B63853CA3C5B}.Release|x86.ActiveCfg = Release|Any CPU
		{8510937A-7977-4AD6-9138-FB162BD3B5F0}.Debug|Any CPU.ActiveCfg = Debug|Any CPU
		{8510937A-7977-4AD6-9138-FB162BD3B5F0}.Debug|Any CPU.Build.0 = Debug|Any CPU
		{8510937A-7977-4AD6-9138-FB162BD3B5F0}.Debug|ARM.ActiveCfg = Debug|Any CPU
		{8510937A-7977-4AD6-9138-FB162BD3B5F0}.Debug|x86.ActiveCfg = Debug|Any CPU
		{8510937A-7977-4AD6-9138-FB162BD3B5F0}.Release|Any CPU.ActiveCfg = Release|Any CPU
		{8510937A-7977-4AD6-9138-FB162BD3B5F0}.Release|Any CPU.Build.0 = Release|Any CPU
		{8510937A-7977-4AD6-9138-FB162BD3B5F0}.Release|ARM.ActiveCfg = Release|Any CPU
		{8510937A-7977-4AD6-9138-FB162BD3B5F0}.Release|x86.ActiveCfg = Release|Any CPU
	EndGlobalSection
	GlobalSection(SolutionProperties) = preSolution
		HideSolutionNode = FALSE
	EndGlobalSection
	GlobalSection(NestedProjects) = preSolution
		{43BE1669-E2AF-4C50-8209-C1F6298D12CA} = {E5C51CD3-0669-42E8-9FED-17296B399CA1}
		{B35D83A5-2E08-4FC8-8D7F-4D6264414E12} = {97977EF7-4D97-47FA-AE5F-AF427DFC29E5}
		{ED437759-72E7-47D0-AE51-32EB7ACDDCD5} = {97977EF7-4D97-47FA-AE5F-AF427DFC29E5}
		{26A28563-415B-4BE4-B494-696AA0487FE5} = {97977EF7-4D97-47FA-AE5F-AF427DFC29E5}
		{7E019A0D-2125-4491-B02A-4A7427C3647B} = {3C8A3FB6-AE4F-4C4D-9EBA-CEA12F00A64D}
		{8AC05A7A-71F1-4618-944B-107338839231} = {3C8A3FB6-AE4F-4C4D-9EBA-CEA12F00A64D}
		{E7BABF39-1557-4997-8BC1-832F954F7E01} = {3C8A3FB6-AE4F-4C4D-9EBA-CEA12F00A64D}
		{7A894A23-37D5-4688-97E0-D7EBE096819C} = {3C8A3FB6-AE4F-4C4D-9EBA-CEA12F00A64D}
		{B36566F6-9181-4031-87C6-737EE2D68BD1} = {3C8A3FB6-AE4F-4C4D-9EBA-CEA12F00A64D}
		{01B4BC01-7DA6-442C-988E-135F5D366CFB} = {3C8A3FB6-AE4F-4C4D-9EBA-CEA12F00A64D}
		{FB306D80-8054-4967-9158-FA5E7549CEE8} = {6AA5DE02-8282-4540-82C8-F1C87ABF4742}
		{6185E313-97B8-491E-AE1C-3CCC4ED4362D} = {E982808B-A974-4C90-944D-A8CE0B508F97}
		{B9FA591A-577A-4253-898F-2A058227BE7F} = {E982808B-A974-4C90-944D-A8CE0B508F97}
		{9CADD42D-7E31-4A57-ACD4-B63853CA3C5B} = {4E67BD49-1B1A-49D7-8AA1-299B2E58DE86}
		{911DF746-075B-40A5-B8CA-F37FCE21C9BB} = {4E67BD49-1B1A-49D7-8AA1-299B2E58DE86}
		{8510937A-7977-4AD6-9138-FB162BD3B5F0} = {4E67BD49-1B1A-49D7-8AA1-299B2E58DE86}
	EndGlobalSection
	GlobalSection(MonoDevelopProperties) = preSolution
		StartupItem = Test.Desktop\Test.Desktop.csproj
	EndGlobalSection
EndGlobal
